{
  "nodes": {
    "bibata-material-cursors-Dark": {
      "flake": false,
      "locked": {
        "lastModified": 1787114969,
        "narHash": "sha256-iVWEzRndGfhvRQEEeCczQZi3KJ+9DYxNpIqn+wEGfSo=",
        "type": "tarball",
        "url": "https://github.com/SakibShahariar/material-bibata-cursor/releases/download/v1.3.0/bibata-material-dark-v1.3.0.tar.gz"
      },
      "original": {
        "type": "tarball",
        "url": "https://github.com/SakibShahariar/material-bibata-cursor/releases/download/v1.3.0/bibata-material-dark-v1.3.0.tar.gz"
      }
    },
    "bibata-material-cursors-Light": {
      "flake": false,
      "locked": {
        "lastModified": 1787114981,
        "narHash": "sha256-9O+xhGFASrpabkKrks/KxbacxHUMT7GDVoSJ4E+m3nw=",
        "type": "tarball",
        "url": "https://github.com/SakibShahariar/material-bibata-cursor/releases/download/v1.3.0/bibata-material-light-v1.3.0.tar.gz"
      },
      "original": {
        "type": "tarball",
        "url": "https://github.com/SakibShahariar/material-bibata-cursor/releases/download/v1.3.0/bibata-material-light-v1.3.0.tar.gz"
      }
    },
    "chromaleon": {
      "flake": false,
      "locked": {
        "lastModified": 1790832885,
        "narHash": "sha256-NNnnUdCwN1cuay6JUmnXFsu+NrxcZOSDtdjVQCi7brw=",
        "type": "tarball",
        "url": "https://github.com/Fabito02/ChromaLeon/releases/latest/download/user-accent-colors@fabito02.shell-extension.zip"
      },
      "original": {
        "type": "tarball",
        "url": "https://github.com/Fabito02/ChromaLeon/releases/latest/download/user-accent-colors@fabito02.shell-extension.zip"
      }
    },
    "chromaleon-preload": {
      "flake": false,
      "locked": {
        "lastModified": 1790814003,
        "narHash": "sha256-s4LiUdGtZIc55bGgnStgtCDKOG+dUe6hOL1C5QPfY+A=",
        "owner": "Fabito02",
        "repo": "chromaleon-preload",
        "rev": "e40efa0b308743f6eb51b23f66dd6e3ec6031521",
        "type": "github"
      },
      "original": {
        "owner": "Fabito02",
        "repo": "chromaleon-preload",
        "type": "github"
      }
    },
    "fish-format": {
      "inputs": {
        "flake-parts": [
          "flake-parts"
        ],
        "nixpkgs": [
          "nixpkgs"
        ]
      },
      "locked": {
        "lastModified": 1790486861,
        "narHash": "sha256-z+VmeTXE1h57NIDvfwrUkTK6PpQIci+FNFR/1MaEsK4=",
        "owner": "Drazape",
        "repo": "fish-format",
        "rev": "2f31bf305b649f1550c9542461f336edc9311d45",
        "type": "github"
      },
      "original": {
        "owner": "Drazape",
        "repo": "fish-format",
        "type": "github"
      }
    },
    "fish-helpText": {
      "inputs": {
        "flake-parts": [
          "flake-parts"
        ],
        "nixpkgs": [
          "nixpkgs"
        ]
      },
      "locked": {
        "lastModified": 1790486889,
        "narHash": "sha256-I788tCmH7ml0aqtr9EbsPQ1CuAsWFtArRDkdb2jarAU=",
        "owner": "Drazape",
        "repo": "fish-helpText",
        "rev": "21e0e602ae61722d689cefd24c905c8aef19afc6",
        "type": "github"
      },
      "original": {
        "owner": "Drazape",
        "repo": "fish-helpText",
        "type": "github"
      }
    },
    "fish-nixenv": {
      "inputs": {
        "flake-parts": [
          "flake-parts"
        ],
        "nixpkgs": [
          "nixpkgs"
        ]
      },
      "locked": {
        "lastModified": 1790486904,
        "narHash": "sha256-f6MwGw9x7EXDQEXTMrnYuO5hSKx1ztkU+0qJTuNFoGM=",
        "owner": "Drazape",
        "repo": "fish-nixenv",
        "rev": "a96d0ad14a755b7fa5b30e8c43e1b02011864c9b",
        "type": "github"
      },
      "original": {
        "owner": "Drazape",
        "repo": "fish-nixenv",
        "type": "github"
      }
    },
    "fish-subAbbr": {
      "inputs": {
        "fish-format": [
          "fish-format"
        ],
        "fish-helpText": [
          "fish-helpText"
        ],
        "flake-parts": [
          "flake-parts"
        ],
        "nixpkgs": [
          "nixpkgs"
        ]
      },
      "locked": {
        "lastModified": 1790671772,
        "narHash": "sha256-pIVqurnmoVuyTNKrzTMKPAeyh6pgmlmPvEe72NvFG7Q=",
        "owner": "Drazape",
        "repo": "fish-subAbbr",
        "rev": "e4e5990101983bdfca819dc9e30d711e8d92600c",
        "type": "github"
      },
      "original": {
        "owner": "Drazape",
        "repo": "fish-subAbbr",
        "type": "github"
      }
    },
    "flake-parts": {
      "inputs": {
        "nixpkgs-lib": "nixpkgs-lib"
      },
      "locked": {
        "lastModified": 1788450739,
        "narHash": "sha256-glZLQlzIn1fXH6PazR2iUmTo7kzzyYSshrWhLS9TqCU=",
        "owner": "hercules-ci",
        "repo": "flake-parts",
        "rev": "31729ca8cbdb4fa927b34e5f4353e6a83f39e993",
        "type": "github"
      },
      "original": {
        "owner": "hercules-ci",
        "repo": "flake-parts",
        "type": "github"
      }
    },
    "gnome-improved-media-controls": {
      "flake": false,
      "locked": {
        "lastModified": 1789132713,
        "narHash": "sha256-cvH+FcyfNNUu5fJBnjmn/KNwUtozm5zN1o++Rb5055o=",
        "owner": "m-obeid",
        "repo": "gnome-improved-media-controls",
        "rev": "9a07c8e10efec399bf902c2c9c45ef28f757a8b0",
        "type": "github"
      },
      "original": {
        "owner": "m-obeid",
        "repo": "gnome-improved-media-controls",
        "type": "github"
      }
    },
    "gotohp": {
      "flake": false,
      "locked": {
        "narHash": "sha256-rXiSh9RAm6g1nVgfOrA9EaSG/WTrwq35NH0qoOwlc4A=",
        "type": "file",
        "url": "https://github.com/xob0t/gotohp/releases/latest/download/gotohp_amd64.deb"
      },
      "original": {
        "type": "file",
        "url": "https://github.com/xob0t/gotohp/releases/latest/download/gotohp_amd64.deb"
      }
    },
    "mosaic-wm": {
      "flake": false,
      "locked": {
        "lastModified": 1790879448,
        "narHash": "sha256-fA80qhlHv/wGZzM6dWs/XBWZKaWpH5wh0ddXa8ACPsc=",
        "owner": "CleoMenezesJr",
        "repo": "MosaicWM",
        "rev": "ee8ca886b745d750440d6fcfe72f28105901da6e",
        "type": "github"
      },
      "original": {
        "owner": "CleoMenezesJr",
        "repo": "MosaicWM",
        "type": "github"
      }
    },
    "nixpkgs": {
      "locked": {
        "lastModified": 1790652569,
        "narHash": "sha256-641r7xrlSOHYoktL9/aArPIYNgZJ9eM5URzSEOtPJDY=",
        "owner": "NixOS",
        "repo": "nixpkgs",
        "rev": "b6c8664de9b6cc07fe5666a29f91884ba81197c4",
        "type": "github"
      },
      "original": {
        "owner": "NixOS",
        "ref": "nixpkgs-unstable",
        "repo": "nixpkgs",
        "type": "github"
      }
    },
    "nixpkgs-lib": {
      "locked": {
        "lastModified": 1788057806,
        "narHash": "sha256-DTQSMxzDWmT0zhguthvegnVkn7CFqGCv4IHCzk5ZUpM=",
        "owner": "nix-community",
        "repo": "nixpkgs.lib",
        "rev": "596e2e3940e09b2abbeb03f75fa1828c57fcd72c",
        "type": "github"
      },
      "original": {
        "owner": "nix-community",
        "repo": "nixpkgs.lib",
        "type": "github"
      }
    },
    "root": {
      "inputs": {
        "bibata-material-cursors-Dark": "bibata-material-cursors-Dark",
        "bibata-material-cursors-Light": "bibata-material-cursors-Light",
        "chromaleon": "chromaleon",
        "chromaleon-preload": "chromaleon-preload",
        "fish-format": "fish-format",
        "fish-helpText": "fish-helpText",
        "fish-nixenv": "fish-nixenv",
        "fish-subAbbr": "fish-subAbbr",
        "flake-parts": "flake-parts",
        "gnome-improved-media-controls": "gnome-improved-media-controls",
        "gotohp": "gotohp",
        "mosaic-wm": "mosaic-wm",
        "nixpkgs": "nixpkgs"
      }
    }
  },
  "root": "root",
  "version": 7
}
