{
  "nodes": {
    "bibata-material-cursors-Dark": {
      "flake": false,
      "locked": {
        "lastModified": 1787114969,
        "narHash": "sha256-iVWEzRndGfhvRQEEeCczQZi3KJ+9DYxNpIqn+wEGfSo=",
        "type": "tarball",
        "url": "https://github.com/SakibShahariar/material-bibata-cursor/releases/download/v1.3.0/bibata-material-dark-v1.3.0.tar.gz"
      },
      "original": {
        "type": "tarball",
        "url": "https://github.com/SakibShahariar/material-bibata-cursor/releases/download/v1.3.0/bibata-material-dark-v1.3.0.tar.gz"
      }
    },
    "bibata-material-cursors-Light": {
      "flake": false,
      "locked": {
        "lastModified": 1787114981,
        "narHash": "sha256-9O+xhGFASrpabkKrks/KxbacxHUMT7GDVoSJ4E+m3nw=",
        "type": "tarball",
        "url": "https://github.com/SakibShahariar/material-bibata-cursor/releases/download/v1.3.0/bibata-material-light-v1.3.0.tar.gz"
      },
      "original": {
        "type": "tarball",
        "url": "https://github.com/SakibShahariar/material-bibata-cursor/releases/download/v1.3.0/bibata-material-light-v1.3.0.tar.gz"
      }
    },
    "chromaleon": {
      "flake": false,
      "locked": {
        "lastModified": 1789324102,
        "narHash": "sha256-yoD1jY7MdbK4rIXaXDA41t6NTx9QZc41KGPIz5sfXA8=",
        "type": "tarball",
        "url": "https://github.com/Fabito02/ChromaLeon/releases/latest/download/user-accent-colors@fabito02.shell-extension.zip"
      },
      "original": {
        "type": "tarball",
        "url": "https://github.com/Fabito02/ChromaLeon/releases/latest/download/user-accent-colors@fabito02.shell-extension.zip"
      }
    },
    "fish-format": {
      "inputs": {
        "flake-parts": [
          "flake-parts"
        ],
        "nixpkgs": [
          "nixpkgs"
        ]
      },
      "locked": {
        "lastModified": 1789399915,
        "narHash": "sha256-cQQQbewkmnabvh7O0VYdvN7Mj7eewOg7KET76j14v2E=",
        "owner": "Drazape",
        "repo": "fish-format",
        "rev": "f92bfb3397758bd8a332fd8f4e3c35443cb20de3",
        "type": "github"
      },
      "original": {
        "owner": "Drazape",
        "repo": "fish-format",
        "type": "github"
      }
    },
    "fish-helpText": {
      "inputs": {
        "flake-parts": [
          "flake-parts"
        ],
        "nixpkgs": [
          "nixpkgs"
        ]
      },
      "locked": {
        "lastModified": 1789399920,
        "narHash": "sha256-txFs5CXTpGnNGQsXClblw2o5HSX2CqEh4U9s4rP8doU=",
        "owner": "Drazape",
        "repo": "fish-helpText",
        "rev": "fd521ca89642bba8cf404ab6b690126bb2c9b825",
        "type": "github"
      },
      "original": {
        "owner": "Drazape",
        "repo": "fish-helpText",
        "type": "github"
      }
    },
    "fish-nixenv": {
      "inputs": {
        "flake-parts": [
          "flake-parts"
        ],
        "nixpkgs": [
          "nixpkgs"
        ]
      },
      "locked": {
        "lastModified": 1789399926,
        "narHash": "sha256-VYhqNCWwSTy8iqRNxoDH0epKlxmLdrXYEhiT8T8Q55w=",
        "owner": "Drazape",
        "repo": "fish-nixenv",
        "rev": "65f5ad6284264c10928ea2650203af5f87829c06",
        "type": "github"
      },
      "original": {
        "owner": "Drazape",
        "repo": "fish-nixenv",
        "type": "github"
      }
    },
    "fish-subAbbr": {
      "inputs": {
        "fish-format": [
          "fish-format"
        ],
        "fish-helpText": [
          "fish-helpText"
        ],
        "flake-parts": [
          "flake-parts"
        ],
        "nixpkgs": [
          "nixpkgs"
        ]
      },
      "locked": {
        "lastModified": 1789400370,
        "narHash": "sha256-Ja8CRWPdvdfMyW5+ns2lOg52r3IHHWm0Md8mWpOp984=",
        "owner": "Drazape",
        "repo": "fish-subAbbr",
        "rev": "78ca77a8e69790c587d9adb09543c8a7b51f236a",
        "type": "github"
      },
      "original": {
        "owner": "Drazape",
        "repo": "fish-subAbbr",
        "type": "github"
      }
    },
    "flake-parts": {
      "inputs": {
        "nixpkgs-lib": "nixpkgs-lib"
      },
      "locked": {
        "lastModified": 1788450739,
        "narHash": "sha256-glZLQlzIn1fXH6PazR2iUmTo7kzzyYSshrWhLS9TqCU=",
        "owner": "hercules-ci",
        "repo": "flake-parts",
        "rev": "31729ca8cbdb4fa927b34e5f4353e6a83f39e993",
        "type": "github"
      },
      "original": {
        "owner": "hercules-ci",
        "repo": "flake-parts",
        "type": "github"
      }
    },
    "gnome-improved-media-controls": {
      "flake": false,
      "locked": {
        "lastModified": 1789132713,
        "narHash": "sha256-cvH+FcyfNNUu5fJBnjmn/KNwUtozm5zN1o++Rb5055o=",
        "owner": "m-obeid",
        "repo": "gnome-improved-media-controls",
        "rev": "9a07c8e10efec399bf902c2c9c45ef28f757a8b0",
        "type": "github"
      },
      "original": {
        "owner": "m-obeid",
        "repo": "gnome-improved-media-controls",
        "type": "github"
      }
    },
    "gotohp": {
      "flake": false,
      "locked": {
        "narHash": "sha256-rXiSh9RAm6g1nVgfOrA9EaSG/WTrwq35NH0qoOwlc4A=",
        "type": "file",
        "url": "https://github.com/xob0t/gotohp/releases/latest/download/gotohp_amd64.deb"
      },
      "original": {
        "type": "file",
        "url": "https://github.com/xob0t/gotohp/releases/latest/download/gotohp_amd64.deb"
      }
    },
    "mosaic-wm": {
      "flake": false,
      "locked": {
        "lastModified": 1789396120,
        "narHash": "sha256-pdrcJfcazKqnkxLOwp3nqPDPmpM/azv1SobOpqMKrpU=",
        "owner": "CleoMenezesJr",
        "repo": "MosaicWM",
        "rev": "af8faa38ed213a50d478dc38a781daf1ebeb829a",
        "type": "github"
      },
      "original": {
        "owner": "CleoMenezesJr",
        "repo": "MosaicWM",
        "type": "github"
      }
    },
    "mtsync": {
      "flake": false,
      "locked": {
        "narHash": "sha256-2QJmT0Chwml8XvqoPUsTmIj1Y1ObkYULy8KyIDwhm+Q=",
        "type": "file",
        "url": "https://github.com/gavindi/MtSync/releases/download/0.9.17/mtsync_0.9.17_ubuntu26.04_x86_64.deb"
      },
      "original": {
        "type": "file",
        "url": "https://github.com/gavindi/MtSync/releases/download/0.9.17/mtsync_0.9.17_ubuntu26.04_x86_64.deb"
      }
    },
    "nixpkgs": {
      "locked": {
        "lastModified": 1789370336,
        "narHash": "sha256-6RSEDHIWQtesQKWSu5qRai8L2h4KgCgMEfJHstW99G4=",
        "owner": "NixOS",
        "repo": "nixpkgs",
        "rev": "c7def046b9a883d46974757852106483d741586f",
        "type": "github"
      },
      "original": {
        "owner": "NixOS",
        "ref": "nixpkgs-unstable",
        "repo": "nixpkgs",
        "type": "github"
      }
    },
    "nixpkgs-lib": {
      "locked": {
        "lastModified": 1788057806,
        "narHash": "sha256-DTQSMxzDWmT0zhguthvegnVkn7CFqGCv4IHCzk5ZUpM=",
        "owner": "nix-community",
        "repo": "nixpkgs.lib",
        "rev": "596e2e3940e09b2abbeb03f75fa1828c57fcd72c",
        "type": "github"
      },
      "original": {
        "owner": "nix-community",
        "repo": "nixpkgs.lib",
        "type": "github"
      }
    },
    "root": {
      "inputs": {
        "bibata-material-cursors-Dark": "bibata-material-cursors-Dark",
        "bibata-material-cursors-Light": "bibata-material-cursors-Light",
        "chromaleon": "chromaleon",
        "fish-format": "fish-format",
        "fish-helpText": "fish-helpText",
        "fish-nixenv": "fish-nixenv",
        "fish-subAbbr": "fish-subAbbr",
        "flake-parts": "flake-parts",
        "gnome-improved-media-controls": "gnome-improved-media-controls",
        "gotohp": "gotohp",
        "mosaic-wm": "mosaic-wm",
        "mtsync": "mtsync",
        "nixpkgs": "nixpkgs",
        "serein": "serein"
      }
    },
    "serein": {
      "flake": false,
      "locked": {
        "lastModified": 1789431336,
        "narHash": "sha256-P8m8fED0ixJ+JkouTudTOWQ9LOJy0yrdNz/NwmGlQcw=",
        "type": "tarball",
        "url": "https://github.com/ViceVerse-cz/Serein/releases/download/v1.0.0-nightly.20260915.22/serein-v1.0.0-nightly.20260915.22-Linux-arch-serein-1.0.0pre.nightly.20260915.22-1-x86_64.pkg.tar.zst"
      },
      "original": {
        "type": "tarball",
        "url": "https://github.com/ViceVerse-cz/Serein/releases/download/v1.0.0-nightly.20260915.22/serein-v1.0.0-nightly.20260915.22-Linux-arch-serein-1.0.0pre.nightly.20260915.22-1-x86_64.pkg.tar.zst"
      }
    }
  },
  "root": "root",
  "version": 7
}
